
Microsoft Visual Studio Solution File, Format Version 12.00
# Visual Studio 14
VisualStudioVersion = 14.0.25420.1
MinimumVisualStudioVersion = 10.0.40219.1
Project("{FAE04EC0-301F-11D3-BF4B-00C04F79EFBC}") = "xtrade", "xtrade\xtrade.csproj", "{7ADB08E4-2DBB-4D02-A7BC-50C20FAD1264}"
EndProject
Project("{FAE04EC0-301F-11D3-BF4B-00C04F79EFBC}") = "xtrade.Tests", "xtrade.Tests\xtrade.Tests.csproj", "{7C160A7D-8BCD-44AA-AA35-06B36EA666D1}"
EndProject
Global
	GlobalSection(SolutionConfigurationPlatforms) = preSolution
		Debug|Any CPU = Debug|Any CPU
		Release|Any CPU = Release|Any CPU
	EndGlobalSection
	GlobalSection(ProjectConfigurationPlatforms) = postSolution
		{7ADB08E4-2DBB-4D02-A7BC-50C20FAD1264}.Debug|Any CPU.ActiveCfg = Debug|Any CPU
		{7ADB08E4-2DBB-4D02-A7BC-50C20FAD1264}.Debug|Any CPU.Build.0 = Debug|Any CPU
		{7ADB08E4-2DBB-4D02-A7BC-50C20FAD1264}.Release|Any CPU.ActiveCfg = Release|Any CPU
		{7ADB08E4-2DBB-4D02-A7BC-50C20FAD1264}.Release|Any CPU.Build.0 = Release|Any CPU
		{7C160A7D-8BCD-44AA-AA35-06B36EA666D1}.Debug|Any CPU.ActiveCfg = Debug|Any CPU
		{7C160A7D-8BCD-44AA-AA35-06B36EA666D1}.Debug|Any CPU.Build.0 = Debug|Any CPU
		{7C160A7D-8BCD-44AA-AA35-06B36EA666D1}.Release|Any CPU.ActiveCfg = Release|Any CPU
		{7C160A7D-8BCD-44AA-AA35-06B36EA666D1}.Release|Any CPU.Build.0 = Release|Any CPU
	EndGlobalSection
	GlobalSection(SolutionProperties) = preSolution
		HideSolutionNode = FALSE
	EndGlobalSection
EndGlobal
